// !$*UTF8*$!
{
	archiveVersion = 1;
	classes = {
	};
	objectVersion = 56;
	objects = {

/* Begin PBXBuildFile section */
		1A001001 /* VitalBriefApp.swift in Sources */ = {isa = PBXBuildFile; fileRef = 1A001000 /* VitalBriefApp.swift */; };
		1A002001 /* Models.swift in Sources */ = {isa = PBXBuildFile; fileRef = 1A002000 /* Models.swift */; };
		1A002002 /* SnapshotBuilder.swift in Sources */ = {isa = PBXBuildFile; fileRef = 1A002001 /* SnapshotBuilder.swift */; };
		1A003001 /* HealthKitService.swift in Sources */ = {isa = PBXBuildFile; fileRef = 1A003000 /* HealthKitService.swift */; };
		1A003002 /* PersistenceManager.swift in Sources */ = {isa = PBXBuildFile; fileRef = 1A003001 /* PersistenceManager.swift */; };
		1A004001 /* AppStateViewModel.swift in Sources */ = {isa = PBXBuildFile; fileRef = 1A004000 /* AppStateViewModel.swift */; };
		1A004002 /* TodayViewModel.swift in Sources */ = {isa = PBXBuildFile; fileRef = 1A004001 /* TodayViewModel.swift */; };
		1A004003 /* TrendsViewModel.swift in Sources */ = {isa = PBXBuildFile; fileRef = 1A004002 /* TrendsViewModel.swift */; };
		1A005001 /* ConnectView.swift in Sources */ = {isa = PBXBuildFile; fileRef = 1A005000 /* ConnectView.swift */; };
		1A005002 /* TodayView.swift in Sources */ = {isa = PBXBuildFile; fileRef = 1A005001 /* TodayView.swift */; };
		1A005003 /* TrendsView.swift in Sources */ = {isa = PBXBuildFile; fileRef = 1A005002 /* TrendsView.swift */; };
		1A005004 /* SettingsView.swift in Sources */ = {isa = PBXBuildFile; fileRef = 1A005003 /* SettingsView.swift */; };
		1A005005 /* Components.swift in Sources */ = {isa = PBXBuildFile; fileRef = 1A005004 /* Components.swift */; };
		1A006001 /* Formatters.swift in Sources */ = {isa = PBXBuildFile; fileRef = 1A006000 /* Formatters.swift */; };
		1A007001 /* SnapshotBuilderTests.swift in Sources */ = {isa = PBXBuildFile; fileRef = 1A007000 /* SnapshotBuilderTests.swift */; };
		1A008001 /* HealthKit.framework in Frameworks */ = {isa = PBXBuildFile; fileRef = 1A008000 /* HealthKit.framework */; };
		1A008002 /* HealthKit.framework in Frameworks */ = {isa = PBXBuildFile; fileRef = 1A008000 /* HealthKit.framework */; };
/* End PBXBuildFile section */

/* Begin PBXFileReference section */
		1A001000 /* VitalBriefApp.swift */ = {isa = PBXFileReference; lastKnownFileType = sourcecode.swift; path = VitalBriefApp.swift; sourceTree = "<group>"; };
		1A002000 /* Models.swift */ = {isa = PBXFileReference; lastKnownFileType = sourcecode.swift; path = Models.swift; sourceTree = "<group>"; };
		1A002001 /* SnapshotBuilder.swift */ = {isa = PBXFileReference; lastKnownFileType = sourcecode.swift; path = SnapshotBuilder.swift; sourceTree = "<group>"; };
		1A003000 /* HealthKitService.swift */ = {isa = PBXFileReference; lastKnownFileType = sourcecode.swift; path = HealthKitService.swift; sourceTree = "<group>"; };
		1A003001 /* PersistenceManager.swift */ = {isa = PBXFileReference; lastKnownFileType = sourcecode.swift; path = PersistenceManager.swift; sourceTree = "<group>"; };
		1A004000 /* AppStateViewModel.swift */ = {isa = PBXFileReference; lastKnownFileType = sourcecode.swift; path = AppStateViewModel.swift; sourceTree = "<group>"; };
		1A004001 /* TodayViewModel.swift */ = {isa = PBXFileReference; lastKnownFileType = sourcecode.swift; path = TodayViewModel.swift; sourceTree = "<group>"; };
		1A004002 /* TrendsViewModel.swift */ = {isa = PBXFileReference; lastKnownFileType = sourcecode.swift; path = TrendsViewModel.swift; sourceTree = "<group>"; };
		1A005000 /* ConnectView.swift */ = {isa = PBXFileReference; lastKnownFileType = sourcecode.swift; path = ConnectView.swift; sourceTree = "<group>"; };
		1A005001 /* TodayView.swift */ = {isa = PBXFileReference; lastKnownFileType = sourcecode.swift; path = TodayView.swift; sourceTree = "<group>"; };
		1A005002 /* TrendsView.swift */ = {isa = PBXFileReference; lastKnownFileType = sourcecode.swift; path = TrendsView.swift; sourceTree = "<group>"; };
		1A005003 /* SettingsView.swift */ = {isa = PBXFileReference; lastKnownFileType = sourcecode.swift; path = SettingsView.swift; sourceTree = "<group>"; };
		1A005004 /* Components.swift */ = {isa = PBXFileReference; lastKnownFileType = sourcecode.swift; path = Components.swift; sourceTree = "<group>"; };
		1A006000 /* Formatters.swift */ = {isa = PBXFileReference; lastKnownFileType = sourcecode.swift; path = Formatters.swift; sourceTree = "<group>"; };
		1A007000 /* SnapshotBuilderTests.swift */ = {isa = PBXFileReference; lastKnownFileType = sourcecode.swift; path = SnapshotBuilderTests.swift; sourceTree = "<group>"; };
		1A008000 /* HealthKit.framework */ = {isa = PBXFileReference; lastKnownFileType = wrapper.framework; name = HealthKit.framework; path = System/Library/Frameworks/HealthKit.framework; sourceTree = SDKROOT; };
		1A009000 /* Info.plist */ = {isa = PBXFileReference; lastKnownFileType = text.plist.xml; path = Info.plist; sourceTree = "<group>"; };
		1A00A000 /* VitalBrief.app */ = {isa = PBXFileReference; explicitFileType = wrapper.application; includeInIndex = 0; path = VitalBrief.app; sourceTree = BUILT_PRODUCTS_DIR; };
		1A00B000 /* VitalBriefTests.xctest */ = {isa = PBXFileReference; explicitFileType = wrapper.cfbundle; includeInIndex = 0; path = VitalBriefTests.xctest; sourceTree = BUILT_PRODUCTS_DIR; };
/* End PBXFileReference section */

/* Begin PBXFrameworksBuildPhase section */
		1A00C000 /* Frameworks */ = {
			isa = PBXFrameworksBuildPhase;
			buildActionMask = 2147483647;
			files = (
				1A008001 /* HealthKit.framework in Frameworks */,
			);
			runOnlyForDeploymentPostprocessing = 0;
		};
		1A00D000 /* Frameworks */ = {
			isa = PBXFrameworksBuildPhase;
			buildActionMask = 2147483647;
			files = (
				1A008002 /* HealthKit.framework in Frameworks */,
			);
			runOnlyForDeploymentPostprocessing = 0;
		};
/* End PBXFrameworksBuildPhase section */

/* Begin PBXGroup section */
		1A00E000 = {
			isa = PBXGroup;
			children = (
				1A001000 /* VitalBriefApp.swift */,
				1A00F000 /* Domain */,
				1A010000 /* Services */,
				1A011000 /* ViewModels */,
				1A012000 /* Views */,
				1A013000 /* Utils */,
				1A014000 /* Tests */,
				1A009000 /* Info.plist */,
				1A015000 /* Products */,
				1A016000 /* Frameworks */,
			);
			sourceTree = "<group>";
		};
		1A00F000 /* Domain */ = {
			isa = PBXGroup;
			children = (
				1A002000 /* Models.swift */,
				1A002001 /* SnapshotBuilder.swift */,
			);
			path = Domain;
			sourceTree = "<group>";
		};
		1A010000 /* Services */ = {
			isa = PBXGroup;
			children = (
				1A003000 /* HealthKitService.swift */,
				1A003001 /* PersistenceManager.swift */,
			);
			path = Services;
			sourceTree = "<group>";
		};
		1A011000 /* ViewModels */ = {
			isa = PBXGroup;
			children = (
				1A004000 /* AppStateViewModel.swift */,
				1A004001 /* TodayViewModel.swift */,
				1A004002 /* TrendsViewModel.swift */,
			);
			path = ViewModels;
			sourceTree = "<group>";
		};
		1A012000 /* Views */ = {
			isa = PBXGroup;
			children = (
				1A005000 /* ConnectView.swift */,
				1A005001 /* TodayView.swift */,
				1A005002 /* TrendsView.swift */,
				1A005003 /* SettingsView.swift */,
				1A005004 /* Components.swift */,
			);
			path = Views;
			sourceTree = "<group>";
		};
		1A013000 /* Utils */ = {
			isa = PBXGroup;
			children = (
				1A006000 /* Formatters.swift */,
			);
			path = Utils;
			sourceTree = "<group>";
		};
		1A014000 /* Tests */ = {
			isa = PBXGroup;
			children = (
				1A007000 /* SnapshotBuilderTests.swift */,
			);
			path = Tests;
			sourceTree = "<group>";
		};
		1A015000 /* Products */ = {
			isa = PBXGroup;
			children = (
				1A00A000 /* VitalBrief.app */,
				1A00B000 /* VitalBriefTests.xctest */,
			);
			name = Products;
			sourceTree = "<group>";
		};
		1A016000 /* Frameworks */ = {
			isa = PBXGroup;
			children = (
				1A008000 /* HealthKit.framework */,
			);
			name = Frameworks;
			sourceTree = "<group>";
		};
/* End PBXGroup section */

/* Begin PBXNativeTarget section */
		1A00E001 /* VitalBrief */ = {
			isa = PBXNativeTarget;
			buildConfigurationList = 1A017000 /* Build configuration list for PBXNativeTarget "VitalBrief" */;
			buildPhases = (
				1A00E002 /* Sources */,
				1A00C000 /* Frameworks */,
				1A00E003 /* Resources */,
			);
			buildRules = (
			);
			dependencies = (
			);
			name = VitalBrief;
			productName = VitalBrief;
			productReference = 1A00A000 /* VitalBrief.app */;
			productType = "com.apple.product-type.application";
		};
		1A00E004 /* VitalBriefTests */ = {
			isa = PBXNativeTarget;
			buildConfigurationList = 1A017001 /* Build configuration list for PBXNativeTarget "VitalBriefTests" */;
			buildPhases = (
				1A00E005 /* Sources */,
				1A00D000 /* Frameworks */,
				1A00E006 /* Resources */,
			);
			buildRules = (
			);
			dependencies = (
				1A00E007 /* PBXTargetDependency */,
			);
			name = VitalBriefTests;
			productName = VitalBriefTests;
			productReference = 1A00B000 /* VitalBriefTests.xctest */;
			productType = "com.apple.product-type.bundle.unit-test";
		};
/* End PBXNativeTarget section */

/* Begin PBXProject section */
		1A00E008 /* Project object */ = {
			isa = PBXProject;
			attributes = {
				BuildIndependentTargetsInParallel = 1;
				LastSwiftUpdateCheck = 1500;
				LastUpgradeCheck = 1500;
				TargetAttributes = {
					1A00E001 = {
						CreatedOnToolsVersion = 15.0;
					};
					1A00E004 = {
						CreatedOnToolsVersion = 15.0;
						TestTargetID = 1A00E001;
					};
				};
			};
			buildConfigurationList = 1A017002 /* Build configuration list for PBXProject "VitalBrief" */;
			compatibilityVersion = "Xcode 14.0";
			developmentRegion = en;
			hasScannedForEncodings = 0;
			knownRegions = (
				en,
				Base,
			);
			mainGroup = 1A00E000;
			productRefGroup = 1A015000 /* Products */;
			projectDirPath = "";
			projectRoot = "";
			targets = (
				1A00E001 /* VitalBrief */,
				1A00E004 /* VitalBriefTests */,
			);
		};
/* End PBXProject section */

/* Begin PBXResourcesBuildPhase section */
		1A00E003 /* Resources */ = {
			isa = PBXResourcesBuildPhase;
			buildActionMask = 2147483647;
			files = (
			);
			runOnlyForDeploymentPostprocessing = 0;
		};
		1A00E006 /* Resources */ = {
			isa = PBXResourcesBuildPhase;
			buildActionMask = 2147483647;
			files = (
			);
			runOnlyForDeploymentPostprocessing = 0;
		};
/* End PBXResourcesBuildPhase section */

/* Begin PBXSourcesBuildPhase section */
		1A00E002 /* Sources */ = {
			isa = PBXSourcesBuildPhase;
			buildActionMask = 2147483647;
			files = (
				1A001001 /* VitalBriefApp.swift in Sources */,
				1A002001 /* Models.swift in Sources */,
				1A002002 /* SnapshotBuilder.swift in Sources */,
				1A003001 /* HealthKitService.swift in Sources */,
				1A003002 /* PersistenceManager.swift in Sources */,
				1A004001 /* AppStateViewModel.swift in Sources */,
				1A004002 /* TodayViewModel.swift in Sources */,
				1A004003 /* TrendsViewModel.swift in Sources */,
				1A005001 /* ConnectView.swift in Sources */,
				1A005002 /* TodayView.swift in Sources */,
				1A005003 /* TrendsView.swift in Sources */,
				1A005004 /* SettingsView.swift in Sources */,
				1A005005 /* Components.swift in Sources */,
				1A006001 /* Formatters.swift in Sources */,
			);
			runOnlyForDeploymentPostprocessing = 0;
		};
		1A00E005 /* Sources */ = {
			isa = PBXSourcesBuildPhase;
			buildActionMask = 2147483647;
			files = (
				1A007001 /* SnapshotBuilderTests.swift in Sources */,
			);
			runOnlyForDeploymentPostprocessing = 0;
		};
/* End PBXSourcesBuildPhase section */

/* Begin PBXTargetDependency section */
		1A00E007 /* PBXTargetDependency */ = {
			isa = PBXTargetDependency;
			target = 1A00E001 /* VitalBrief */;
			targetProxy = 1A00E009 /* PBXContainerItemProxy */;
		};
/* End PBXTargetDependency section */

/* Begin PBXContainerItemProxy section */
		1A00E009 /* PBXContainerItemProxy */ = {
			isa = PBXContainerItemProxy;
			containerPortal = 1A00E008 /* Project object */;
			proxyType = 1;
			remoteGlobalIDString = 1A00E001;
			remoteInfo = VitalBrief;
		};
/* End PBXContainerItemProxy section */

/* Begin XCBuildConfiguration section */
		1A017003 /* Debug */ = {
			isa = XCBuildConfiguration;
			buildSettings = {
				ALWAYS_SEARCH_USER_PATHS = NO;
				ASSETCATALOG_COMPILER_GENERATE_SWIFT_ASSET_SYMBOL_EXTENSIONS = YES;
				CLANG_ANALYZER_NONNULL = YES;
				CLANG_ANALYZER_NUMBER_OBJECT_CONVERSION = YES_AGGRESSIVE;
				CLANG_CXX_LANGUAGE_DIALECT = "c++20";
				CLANG_CXX_LIBRARY = "libc++";
				CLANG_ENABLE_MODULES = YES;
				CLANG_ENABLE_OBJC_ARC = YES;
				CLANG_WARN_BLOCK_CAPTURE_AUTORELEASING = YES;
				CLANG_WARN_BOOL_CONVERSION = YES;
				CLANG_WARN_COMMA = YES;
				CLANG_WARN_CONSTANT_CONVERSION = YES;
				CLANG_WARN_DEPRECATED_OBJC_IMPLEMENTATIONS = YES;
				CLANG_WARN_DIRECT_OBJC_ISA_USAGE = YES_ERROR;
				CLANG_WARN_DOCUMENTATION_COMMENTS = YES;
				CLANG_WARN_EMPTY_BODY = YES;
				CLANG_WARN_ENUM_CONVERSION = YES;
				CLANG_WARN_INFINITE_RECURSION = YES;
				CLANG_WARN_INT_CONVERSION = YES;
				CLANG_WARN_NON_LITERAL_NULL_CONVERSION = YES;
				CLANG_WARN_OBJC_IMPLICIT_RETAIN_SELF = YES;
				CLANG_WARN_OBJC_LITERAL_CONVERSION = YES;
				CLANG_WARN_OBJC_ROOT_CLASS = YES_ERROR;
				CLANG_WARN_QUOTED_INCLUDE_IN_FRAMEWORK_HEADER = YES;
				CLANG_WARN_RANGE_LOOP_ANALYSIS = YES;
				CLANG_WARN_STRICT_PROTOTYPES = YES;
				CLANG_WARN_SUSPICIOUS_MOVE = YES;
				CLANG_WARN_SUSPICIOUS_IMPLICIT_CONVERSION = YES;
				CLANG_WARN_UNREACHABLE_CODE = YES;
				CLANG_WARN__DUPLICATE_METHOD_MATCH = YES;
				COPY_PHASE_STRIP = NO;
				DEBUG_INFORMATION_FORMAT = dwarf;
				ENABLE_STRICT_OBJC_MSGSEND = YES;
				ENABLE_TESTABILITY = YES;
				ENABLE_USER_SCRIPT_SANDBOXING = YES;
				GCC_C_LANGUAGE_DIALECT = gnu17;
				GCC_DYNAMIC_NO_PIC = NO;
				GCC_NO_COMMON_BLOCKS = YES;
				GCC_OPTIMIZATION_LEVEL = 0;
				GCC_PREPROCESSOR_DEFINITIONS = (
					"DEBUG=1",
					"$(inherited)",
				);
				GCC_WARN_64_TO_32_BIT_CONVERSION = YES;
				GCC_WARN_ABOUT_RETURN_TYPE = YES_ERROR;
				GCC_WARN_UNDECLARED_SELECTOR = YES;
				GCC_WARN_UNINITIALIZED_AUTOS = YES_AGGRESSIVE;
				GCC_WARN_UNUSED_FUNCTION = YES;
				GCC_WARN_UNUSED_VARIABLE = YES;
				IPHONEOS_DEPLOYMENT_TARGET = 17.0;
				LOCALIZATION_PREFERS_STRING_CATALOGS = YES;
				MTL_ENABLE_DEBUG_INFO = INCLUDE_SOURCE;
				MTL_FAST_MATH = YES;
				ONLY_ACTIVE_ARCH = YES;
				SDKROOT = iphoneos;
				SWIFT_ACTIVE_COMPILATION_CONDITIONS = "DEBUG $(inherited)";
				SWIFT_OPTIMIZATION_LEVEL = "-Onone";
				SWIFT_VERSION = 5.9;
			};
			name = Debug;
		};
		1A017004 /* Release */ = {
			isa = XCBuildConfiguration;
			buildSettings = {
				ALWAYS_SEARCH_USER_PATHS = NO;
				ASSETCATALOG_COMPILER_GENERATE_SWIFT_ASSET_SYMBOL_EXTENSIONS = YES;
				CLANG_ANALYZER_NONNULL = YES;
				CLANG_ANALYZER_NUMBER_OBJECT_CONVERSION = YES_AGGRESSIVE;
				CLANG_CXX_LANGUAGE_DIALECT = "c++20";
				CLANG_CXX_LIBRARY = "libc++";
				CLANG_ENABLE_MODULES = YES;
				CLANG_ENABLE_OBJC_ARC = YES;
				CLANG_WARN_BLOCK_CAPTURE_AUTORELEASING = YES;
				CLANG_WARN_BOOL_CONVERSION = YES;
				CLANG_WARN_COMMA = YES;
				CLANG_WARN_CONSTANT_CONVERSION = YES;
				CLANG_WARN_DEPRECATED_OBJC_IMPLEMENTATIONS = YES;
				CLANG_WARN_DIRECT_OBJC_ISA_USAGE = YES_ERROR;
				CLANG_WARN_DOCUMENTATION_COMMENTS = YES;
				CLANG_WARN_EMPTY_BODY = YES;
				CLANG_WARN_ENUM_CONVERSION = YES;
				CLANG_WARN_INFINITE_RECURSION = YES;
				CLANG_WARN_INT_CONVERSION = YES;
				CLANG_WARN_NON_LITERAL_NULL_CONVERSION = YES;
				CLANG_WARN_OBJC_IMPLICIT_RETAIN_SELF = YES;
				CLANG_WARN_OBJC_LITERAL_CONVERSION = YES;
				CLANG_WARN_OBJC_ROOT_CLASS = YES_ERROR;
				CLANG_WARN_QUOTED_INCLUDE_IN_FRAMEWORK_HEADER = YES;
				CLANG_WARN_RANGE_LOOP_ANALYSIS = YES;
				CLANG_WARN_STRICT_PROTOTYPES = YES;
				CLANG_WARN_SUSPICIOUS_MOVE = YES;
				CLANG_WARN_SUSPICIOUS_IMPLICIT_CONVERSION = YES;
				CLANG_WARN_UNREACHABLE_CODE = YES;
				CLANG_WARN__DUPLICATE_METHOD_MATCH = YES;
				COPY_PHASE_STRIP = NO;
				DEBUG_INFORMATION_FORMAT = "dwarf-with-dsym";
				ENABLE_NS_ASSERTIONS = NO;
				ENABLE_STRICT_OBJC_MSGSEND = YES;
				ENABLE_USER_SCRIPT_SANDBOXING = YES;
				GCC_C_LANGUAGE_DIALECT = gnu17;
				GCC_NO_COMMON_BLOCKS = YES;
				GCC_OPTIMIZATION_LEVEL = s;
				GCC_WARN_64_TO_32_BIT_CONVERSION = YES;
				GCC_WARN_ABOUT_RETURN_TYPE = YES_ERROR;
				GCC_WARN_UNDECLARED_SELECTOR = YES;
				GCC_WARN_UNINITIALIZED_AUTOS = YES_AGGRESSIVE;
				GCC_WARN_UNUSED_FUNCTION = YES;
				GCC_WARN_UNUSED_VARIABLE = YES;
				IPHONEOS_DEPLOYMENT_TARGET = 17.0;
				LOCALIZATION_PREFERS_STRING_CATALOGS = YES;
				MTL_ENABLE_DEBUG_INFO = NO;
				MTL_FAST_MATH = YES;
				SDKROOT = iphoneos;
				SWIFT_COMPILATION_MODE = wholemodule;
				SWIFT_OPTIMIZATION_LEVEL = "-O";
				SWIFT_VERSION = 5.9;
				VALIDATE_PRODUCT = YES;
			};
			name = Release;
		};
		1A017005 /* Debug */ = {
			isa = XCBuildConfiguration;
			buildSettings = {
				ASSETCATALOG_COMPILER_APPICON_NAME = AppIcon;
				ASSETCATALOG_COMPILER_GLOBAL_ACCENT_COLOR_NAME = AccentColor;
				CODE_SIGN_STYLE = Automatic;
				CURRENT_PROJECT_VERSION = 1;
				DEVELOPMENT_ASSET_PATHS = "";
				DEVELOPMENT_TEAM = "";
				ENABLE_PREVIEWS = YES;
				GENERATE_INFOPLIST_FILE = NO;
				INFOPLIST_FILE = Info.plist;
				INFOPLIST_KEY_UIApplicationSceneManifest_Generation = YES;
				INFOPLIST_KEY_UIApplicationSupportsIndirectInputEvents = YES;
				INFOPLIST_KEY_UILaunchScreen_Generation = YES;
				INFOPLIST_KEY_UISupportedInterfaceOrientations_iPad = "UIInterfaceOrientationPortrait UIInterfaceOrientationPortraitUpsideDown UIInterfaceOrientationLandscapeLeft UIInterfaceOrientationLandscapeRight";
				INFOPLIST_KEY_UISupportedInterfaceOrientations_iPhone = "UIInterfaceOrientationPortrait UIInterfaceOrientationLandscapeLe ft UIInterfaceOrientationLandscapeRight";
				IPHONEOS_DEPLOYMENT_TARGET = 17.0;
				LD_RUNPATH_SEARCH_PATHS = (
					"$(inherited)",
					"@executable_path/Frameworks",
				);
				MARKETING_VERSION = 1.0;
				PRODUCT_BUNDLE_IDENTIFIER = com.vitalbrief.app;
				PRODUCT_NAME = "$(TARGET_NAME)";
				SWIFT_EMIT_LOC_STRINGS = YES;
				SWIFT_VERSION = 5.9;
				TARGETED_DEVICE_FAMILY = "1,2";
			};
			name = Debug;
		};
		1A017006 /* Release */ = {
			isa = XCBuildConfiguration;
			buildSettings = {
				ASSETCATALOG_COMPILER_APPICON_NAME = AppIcon;
				ASSETCATALOG_COMPILER_GLOBAL_ACCENT_COLOR_NAME = AccentColor;
				CODE_SIGN_STYLE = Automatic;
				CURRENT_PROJECT_VERSION = 1;
				DEVELOPMENT_ASSET_PATHS = "";
				DEVELOPMENT_TEAM = "";
				ENABLE_PREVIEWS = YES;
				GENERATE_INFOPLIST_FILE = NO;
				INFOPLIST_FILE = Info.plist;
				INFOPLIST_KEY_UIApplicationSceneManifest_Generation = YES;
				INFOPLIST_KEY_UIApplicationSupportsIndirectInputEvents = YES;
				INFOPLIST_KEY_UILaunchScreen_Generation = YES;
				INFOPLIST_KEY_UISupportedInterfaceOrientations_iPad = "UIInterfaceOrientationPortrait UIInterfaceOrientationPortraitUpsideDown UIInterfaceOrientationLandscapeLeft UIInterfaceOrientationLandscapeRight";
				INFOPLIST_KEY_UISupportedInterfaceOrientations_iPhone = "UIInterfaceOrientationPortrait UIInterfaceOrientationLandscapeLeft UIInterfaceOrientationLandscapeRight";
				IPHONEOS_DEPLOYMENT_TARGET = 17.0;
				LD_RUNPATH_SEARCH_PATHS = (
					"$(inherited)",
					"@executable_path/Frameworks",
				);
				MARKETING_VERSION = 1.0;
				PRODUCT_BUNDLE_IDENTIFIER = com.vitalbrief.app;
				PRODUCT_NAME = "$(TARGET_NAME)";
				SWIFT_EMIT_LOC_STRINGS = NO;
				SWIFT_VERSION = 5.9;
				TARGETED_DEVICE_FAMILY = "1,2";
			};
			name = Release;
		};
		1A017007 /* Debug */ = {
			isa = XCBuildConfiguration;
			buildSettings = {
				BUNDLE_LOADER = "$(TEST_HOST)";
				CODE_SIGN_STYLE = Automatic;
				CURRENT_PROJECT_VERSION = 1;
				DEVELOPMENT_TEAM = "";
				GENERATE_INFOPLIST_FILE = YES;
				IPHONEOS_DEPLOYMENT_TARGET = 17.0;
				LD_RUNPATH_SEARCH_PATHS = (
					"$(inherited)",
					"@executable_path/Frameworks",
					"@loader_path/Frameworks",
				);
				MARKETING_VERSION = 1.0;
				PRODUCT_BUNDLE_IDENTIFIER = com.vitalbrief.appTests;
				PRODUCT_NAME = "$(TARGET_NAME)";
				SWIFT_EMIT_LOC_STRINGS = NO;
				SWIFT_VERSION = 5.9;
				TARGETED_DEVICE_FAMILY = "1,2";
				TEST_HOST = "$(BUILT_PRODUCTS_DIR)/VitalBrief.app/$(EXECUTABLE_PATH)";
			};
			name = Debug;
		};
		1A017008 /* Release */ = {
			isa = XCBuildConfiguration;
			buildSettings = {
				BUNDLE_LOADER = "$(TEST_HOST)";
				CODE_SIGN_STYLE = Automatic;
				CURRENT_PROJECT_VERSION = 1;
				DEVELOPMENT_TEAM = "";
				GENERATE_INFOPLIST_FILE = YES;
				IPHONEOS_DEPLOYMENT_TARGET = 17.0;
				LD_RUNPATH_SEARCH_PATHS = (
					"$(inherited)",
					"@executable_path/Frameworks",
					"@loader_path/Frameworks",
				);
				MARKETING_VERSION = 1.0;
				PRODUCT_BUNDLE_IDENTIFIER = com.vitalbrief.appTests;
				PRODUCT_NAME = "$(TARGET_NAME)";
				SWIFT_EMIT_LOC_STRINGS = NO;
				SWIFT_VERSION = 5.9;
				TARGETED_DEVICE_FAMILY = "1,2";
				TEST_HOST = "$(BUILT_PRODUCTS_DIR)/VitalBrief.app/$(EXECUTABLE_PATH)";
			};
			name = Release;
		};
/* End XCBuildConfiguration section */

/* Begin XCConfigurationList section */
		1A017000 /* Build configuration list for PBXNativeTarget "VitalBrief" */ = {
			isa = XCConfigurationList;
			buildConfigurations = (
				1A017005 /* Debug */,
				1A017006 /* Release */,
			);
			defaultConfigurationIsVisible = 0;
			defaultConfigurationName = Release;
		};
		1A017001 /* Build configuration list for PBXNativeTarget "VitalBriefTests" */ = {
			isa = XCConfigurationList;
			buildConfigurations = (
				1A017007 /* Debug */,
				1A017008 /* Release */,
			);
			defaultConfigurationIsVisible = 0;
			defaultConfigurationName = Release;
		};
		1A017002 /* Build configuration list for PBXProject "VitalBrief" */ = {
			isa = XCConfigurationList;
			buildConfigurations = (
				1A017003 /* Debug */,
				1A017004 /* Release */,
			);
			defaultConfigurationIsVisible = 0;
			defaultConfigurationName = Release;
		};
/* End XCConfigurationList section */
	};
	rootObject = 1A00E008 /* Project object */;
}
