// !$*UTF8*$!
{
	archiveVersion = 1;
	classes = {
	};
	objectVersion = 56;
	objects = {

/* Begin PBXBuildFile section */
		VITALBRIEF_MAIN /* VitalBriefApp.swift in Sources */ = {isa = PBXBuildFile; fileRef = VITALBRIEF_MAIN_REF /* VitalBriefApp.swift */; };
		DOMAIN_MODELS /* Models.swift in Sources */ = {isa = PBXBuildFile; fileRef = DOMAIN_MODELS_REF /* Models.swift */; };
		DOMAIN_BUILDER /* SnapshotBuilder.swift in Sources */ = {isa = PBXBuildFile; fileRef = DOMAIN_BUILDER_REF /* SnapshotBuilder.swift */; };
		SERVICES_HK /* HealthKitService.swift in Sources */ = {isa = PBXBuildFile; fileRef = SERVICES_HK_REF /* HealthKitService.swift */; };
		SERVICES_PERSIST /* PersistenceManager.swift in Sources */ = {isa = PBXBuildFile; fileRef = SERVICES_PERSIST_REF /* PersistenceManager.swift */; };
		VM_APPSTATE /* AppStateViewModel.swift in Sources */ = {isa = PBXBuildFile; fileRef = VM_APPSTATE_REF /* AppStateViewModel.swift */; };
		VM_TODAY /* TodayViewModel.swift in Sources */ = {isa = PBXBuildFile; fileRef = VM_TODAY_REF /* TodayViewModel.swift */; };
		VM_TRENDS /* TrendsViewModel.swift in Sources */ = {isa = PBXBuildFile; fileRef = VM_TRENDS_REF /* TrendsViewModel.swift */; };
		VIEW_CONNECT /* ConnectView.swift in Sources */ = {isa = PBXBuildFile; fileRef = VIEW_CONNECT_REF /* ConnectView.swift */; };
		VIEW_TODAY /* TodayView.swift in Sources */ = {isa = PBXBuildFile; fileRef = VIEW_TODAY_REF /* TodayView.swift */; };
		VIEW_TRENDS /* TrendsView.swift in Sources */ = {isa = PBXBuildFile; fileRef = VIEW_TRENDS_REF /* TrendsView.swift */; };
		VIEW_SETTINGS /* SettingsView.swift in Sources */ = {isa = PBXBuildFile; fileRef = VIEW_SETTINGS_REF /* SettingsView.swift */; };
		VIEW_COMPONENTS /* Components.swift in Sources */ = {isa = PBXBuildFile; fileRef = VIEW_COMPONENTS_REF /* Components.swift */; };
		UTILS_FORMAT /* Formatters.swift in Sources */ = {isa = PBXBuildFile; fileRef = UTILS_FORMAT_REF /* Formatters.swift */; };
		TESTS_BUILDER /* SnapshotBuilderTests.swift in Sources */ = {isa = PBXBuildFile; fileRef = TESTS_BUILDER_REF /* SnapshotBuilderTests.swift */; };
		HEALTHKIT_FW /* HealthKit.framework in Frameworks */ = {isa = PBXBuildFile; fileRef = HEALTHKIT_FW_REF /* HealthKit.framework */; };
/* End PBXBuildFile section */

/* Begin PBXFileReference section */
		VITALBRIEF_MAIN_REF /* VitalBriefApp.swift */ = {isa = PBXFileReference; lastKnownFileType = sourcecode.swift; path = VitalBriefApp.swift; sourceTree = "<group>"; };
		DOMAIN_MODELS_REF /* Models.swift */ = {isa = PBXFileReference; lastKnownFileType = sourcecode.swift; path = Domain/Models.swift; sourceTree = "<group>"; };
		DOMAIN_BUILDER_REF /* SnapshotBuilder.swift */ = {isa = PBXFileReference; lastKnownFileType = sourcecode.swift; path = Domain/SnapshotBuilder.swift; sourceTree = "<group>"; };
		SERVICES_HK_REF /* HealthKitService.swift */ = {isa = PBXFileReference; lastKnownFileType = sourcecode.swift; path = Services/HealthKitService.swift; sourceTree = "<group>"; };
		SERVICES_PERSIST_REF /* PersistenceManager.swift */ = {isa = PBXFileReference; lastKnownFileType = sourcecode.swift; path = Services/PersistenceManager.swift; sourceTree = "<group>"; };
		VM_APPSTATE_REF /* AppStateViewModel.swift */ = {isa = PBXFileReference; lastKnownFileType = sourcecode.swift; path = ViewModels/AppStateViewModel.swift; sourceTree = "<group>"; };
		VM_TODAY_REF /* TodayViewModel.swift */ = {isa = PBXFileReference; lastKnownFileType = sourcecode.swift; path = ViewModels/TodayViewModel.swift; sourceTree = "<group>"; };
		VM_TRENDS_REF /* TrendsViewModel.swift */ = {isa = PBXFileReference; lastKnownFileType = sourcecode.swift; path = ViewModels/TrendsViewModel.swift; sourceTree = "<group>"; };
		VIEW_CONNECT_REF /* ConnectView.swift */ = {isa = PBXFileReference; lastKnownFileType = sourcecode.swift; path = Views/ConnectView.swift; sourceTree = "<group>"; };
		VIEW_TODAY_REF /* TodayView.swift */ = {isa = PBXFileReference; lastKnownFileType = sourcecode.swift; path = Views/TodayView.swift; sourceTree = "<group>"; };
		VIEW_TRENDS_REF /* TrendsView.swift */ = {isa = PBXFileReference; lastKnownFileType = sourcecode.swift; path = Views/TrendsView.swift; sourceTree = "<group>"; };
		VIEW_SETTINGS_REF /* SettingsView.swift */ = {isa = PBXFileReference; lastKnownFileType = sourcecode.swift; path = Views/SettingsView.swift; sourceTree = "<group>"; };
		VIEW_COMPONENTS_REF /* Components.swift */ = {isa = PBXFileReference; lastKnownFileType = sourcecode.swift; path = Views/Components.swift; sourceTree = "<group>"; };
		UTILS_FORMAT_REF /* Formatters.swift */ = {isa = PBXFileReference; lastKnownFileType = sourcecode.swift; path = Utils/Formatters.swift; sourceTree = "<group>"; };
		TESTS_BUILDER_REF /* SnapshotBuilderTests.swift */ = {isa = PBXFileReference; lastKnownFileType = sourcecode.swift; path = Tests/SnapshotBuilderTests.swift; sourceTree = "<group>"; };
		HEALTHKIT_FW_REF /* HealthKit.framework */ = {isa = PBXFileReference; lastKnownFileType = wrapper.framework; name = HealthKit.framework; path = System/Library/Frameworks/HealthKit.framework; sourceTree = SDKROOT; };
		INFO_PLIST /* Info.plist */ = {isa = PBXFileReference; lastKnownFileType = text.plist.xml; path = Info.plist; sourceTree = "<group>"; };
		APP_PRODUCT /* VitalBrief.app */ = {isa = PBXFileReference; explicitFileType = wrapper.application; includeInIndex = 0; path = VitalBrief.app; sourceTree = BUILT_PRODUCTS_DIR; };
		TESTS_PRODUCT /* VitalBriefTests.xctest */ = {isa = PBXFileReference; explicitFileType = wrapper.cfbundle; includeInIndex = 0; path = VitalBriefTests.xctest; sourceTree = BUILT_PRODUCTS_DIR; };
/* End PBXFileReference section */

/* Begin PBXFrameworksBuildPhase section */
		FRAMEWORKS_APP /* Frameworks */ = {isa = PBXFrameworksBuildPhase; buildActionMask = 2147483647; files = (HEALTHKIT_FW /* HealthKit.framework in Frameworks */); runOnlyForDeploymentPostprocessing = 0; };
		FRAMEWORKS_TESTS /* Frameworks */ = {isa = PBXFrameworksBuildPhase; buildActionMask = 2147483647; files = (); runOnlyForDeploymentPostprocessing = 0; };
/* End PBXFrameworksBuildPhase section */

/* Begin PBXGroup section */
		ROOT_GROUP = {isa = PBXGroup; children = (VITALBRIEF_MAIN_REF, DOMAIN_GROUP, SERVICES_GROUP, VM_GROUP, VIEW_GROUP, UTILS_GROUP, TESTS_GROUP, INFO_PLIST, PRODUCTS_GROUP, FRAMEWORKS_GROUP); sourceTree = "<group>"; };
		DOMAIN_GROUP = {isa = PBXGroup; children = (DOMAIN_MODELS_REF, DOMAIN_BUILDER_REF); name = Domain; sourceTree = "<group>"; };
		SERVICES_GROUP = {isa = PBXGroup; children = (SERVICES_HK_REF, SERVICES_PERSIST_REF); name = Services; sourceTree = "<group>"; };
		VM_GROUP = {isa = PBXGroup; children = (VM_APPSTATE_REF, VM_TODAY_REF, VM_TRENDS_REF); name = ViewModels; sourceTree = "<group>"; };
		VIEW_GROUP = {isa = PBXGroup; children = (VIEW_CONNECT_REF, VIEW_TODAY_REF, VIEW_TRENDS_REF, VIEW_SETTINGS_REF, VIEW_COMPONENTS_REF); name = Views; sourceTree = "<group>"; };
		UTILS_GROUP = {isa = PBXGroup; children = (UTILS_FORMAT_REF); name = Utils; sourceTree = "<group>"; };
		TESTS_GROUP = {isa = PBXGroup; children = (TESTS_BUILDER_REF); name = Tests; sourceTree = "<group>"; };
		PRODUCTS_GROUP = {isa = PBXGroup; children = (APP_PRODUCT, TESTS_PRODUCT); name = Products; sourceTree = "<group>"; };
		FRAMEWORKS_GROUP = {isa = PBXGroup; children = (HEALTHKIT_FW_REF); name = Frameworks; sourceTree = "<group>"; };
/* End PBXGroup section */

/* Begin PBXNativeTarget section */
		APP_TARGET /* VitalBrief */ = {isa = PBXNativeTarget; buildConfigurationList = APP_CONFIG; buildPhases = (SOURCES_APP, FRAMEWORKS_APP); dependencies = (); name = VitalBrief; productName = VitalBrief; productReference = APP_PRODUCT; productType = "com.apple.product-type.application"; };
		TESTS_TARGET /* VitalBriefTests */ = {isa = PBXNativeTarget; buildConfigurationList = TESTS_CONFIG; buildPhases = (SOURCES_TESTS, FRAMEWORKS_TESTS); dependencies = (TEST_DEP); name = VitalBriefTests; productName = VitalBriefTests; productReference = TESTS_PRODUCT; productType = "com.apple.product-type.bundle.unit-test"; };
/* End PBXNativeTarget section */

/* Begin PBXProject section */
		PROJECT /* Project object */ = {isa = PBXProject; attributes = {BuildIndependentTargetsInParallel = 1; LastSwiftUpdateCheck = 1500; LastUpgradeCheck = 1500;}; buildConfigurationList = PROJECT_CONFIG; compatibilityVersion = "Xcode 14.0"; developmentRegion = en; hasScannedForEncodings = 0; knownRegions = (en, Base); mainGroup = ROOT_GROUP; productRefGroup = PRODUCTS_GROUP; projectRoot = ""; targets = (APP_TARGET, TESTS_TARGET); };
/* End PBXProject section */

/* Begin PBXSourcesBuildPhase section */
		SOURCES_APP /* Sources */ = {isa = PBXSourcesBuildPhase; buildActionMask = 2147483647; files = (VITALBRIEF_MAIN, DOMAIN_MODELS, DOMAIN_BUILDER, SERVICES_HK, SERVICES_PERSIST, VM_APPSTATE, VM_TODAY, VM_TRENDS, VIEW_CONNECT, VIEW_TODAY, VIEW_TRENDS, VIEW_SETTINGS, VIEW_COMPONENTS, UTILS_FORMAT); runOnlyForDeploymentPostprocessing = 0; };
		SOURCES_TESTS /* Sources */ = {isa = PBXSourcesBuildPhase; buildActionMask = 2147483647; files = (TESTS_BUILDER); runOnlyForDeploymentPostprocessing = 0; };
/* End PBXSourcesBuildPhase section */

/* Begin PBXTargetDependency section */
		TEST_DEP /* PBXTargetDependency */ = {isa = PBXTargetDependency; target = APP_TARGET; targetProxy = TEST_PROXY; };
/* End PBXTargetDependency section */

/* Begin PBXContainerItemProxy section */
		TEST_PROXY /* PBXContainerItemProxy */ = {isa = PBXContainerItemProxy; containerPortal = PROJECT; proxyType = 1; remoteGlobalIDString = APP_TARGET; remoteInfo = VitalBrief; };
/* End PBXContainerItemProxy section */

/* Begin XCBuildConfiguration section */
		APP_DEBUG /* Debug */ = {isa = XCBuildConfiguration; buildSettings = {ASSETCATALOG_COMPILER_APPICON_NAME = AppIcon; CODE_SIGN_STYLE = Automatic; CURRENT_PROJECT_VERSION = 1; GENERATE_INFOPLIST_FILE = NO; INFOPLIST_FILE = Info.plist; INFOPLIST_KEY_UIApplicationSceneManifest_Generation = YES; IPHONEOS_DEPLOYMENT_TARGET = 17.0; MARKETING_VERSION = 1.0; PRODUCT_BUNDLE_IDENTIFIER = com.vitalbrief.app; PRODUCT_NAME = VitalBrief; SWIFT_VERSION = 5.9; TARGETED_DEVICE_FAMILY = "1,2"; }; name = Debug; };
		APP_RELEASE /* Release */ = {isa = XCBuildConfiguration; buildSettings = {ASSETCATALOG_COMPILER_APPICON_NAME = AppIcon; CODE_SIGN_STYLE = Automatic; CURRENT_PROJECT_VERSION = 1; GENERATE_INFOPLIST_FILE = NO; INFOPLIST_FILE = Info.plist; INFOPLIST_KEY_UIApplicationSceneManifest_Generation = YES; IPHONEOS_DEPLOYMENT_TARGET = 17.0; MARKETING_VERSION = 1.0; PRODUCT_BUNDLE_IDENTIFIER = com.vitalbrief.app; PRODUCT_NAME = VitalBrief; SWIFT_VERSION = 5.9; TARGETED_DEVICE_FAMILY = "1,2"; }; name = Release; };
		TESTS_DEBUG /* Debug */ = {isa = XCBuildConfiguration; buildSettings = {BUNDLE_LOADER = "$(TEST_HOST)"; CODE_SIGN_STYLE = Automatic; CURRENT_PROJECT_VERSION = 1; GENERATE_INFOPLIST_FILE = YES; IPHONEOS_DEPLOYMENT_TARGET = 17.0; PRODUCT_BUNDLE_IDENTIFIER = com.vitalbrief.appTests; PRODUCT_NAME = VitalBriefTests; SWIFT_VERSION = 5.9; TEST_HOST = "$(BUILT_PRODUCTS_DIR)/VitalBrief.app/$(EXECUTABLE_PATH)"; }; name = Debug; };
		TESTS_RELEASE /* Release */ = {isa = XCBuildConfiguration; buildSettings = {BUNDLE_LOADER = "$(TEST_HOST)"; CODE_SIGN_STYLE = Automatic; CURRENT_PROJECT_VERSION = 1; GENERATE_INFOPLIST_FILE = YES; IPHONEOS_DEPLOYMENT_TARGET = 17.0; PRODUCT_BUNDLE_IDENTIFIER = com.vitalbrief.appTests; PRODUCT_NAME = VitalBriefTests; SWIFT_VERSION = 5.9; TEST_HOST = "$(BUILT_PRODUCTS_DIR)/VitalBrief.app/$(EXECUTABLE_PATH)"; }; name = Release; };
		PROJECT_DEBUG /* Debug */ = {isa = XCBuildConfiguration; buildSettings = {ALWAYS_SEARCH_USER_PATHS = NO; CLANG_ANALYZER_NONNULL = YES; CLANG_CXX_LANGUAGE_DIALECT = "c++20"; CLANG_ENABLE_OBJC_ARC = YES; CLANG_WARN_BOOL_CONVERSION = YES; CLANG_WARN_CONSTANT_CONVERSION = YES; CLANG_WARN_DEPRECATED_OBJC_IMPLEMENTATIONS = YES; CLANG_WARN_EMPTY_BODY = YES; CLANG_WARN_ENUM_CONVERSION = YES; CLANG_WARN_INT_CONVERSION = YES; CLANG_WARN_SUSPICIOUS_MOVE = YES; CODE_SIGN_IDENTITY = "iPhone Developer"; COPY_PHASE_STRIP = NO; DEBUG_INFORMATION_FORMAT = dwarf; ENABLE_STRICT_OBJC_MSGSEND = YES; ENABLE_TESTABILITY = YES; GCC_C_LANGUAGE_DIALECT = gnu17; GCC_DYNAMIC_NO_PIC = NO; GCC_OPTIMIZATION_LEVEL = 0; GCC_PREPROCESSOR_DEFINITIONS = "DEBUG=1"; GCC_WARN_64_TO_32_BIT_CONVERSION = YES; GCC_WARN_ABOUT_RETURN_TYPE = YES_ERROR; GCC_WARN_UNDECLARED_SELECTOR = YES; GCC_WARN_UNINITIALIZED_AUTOS = YES_AGGRESSIVE; GCC_WARN_UNUSED_FUNCTION = YES; GCC_WARN_UNUSED_VARIABLE = YES; IPHONEOS_DEPLOYMENT_TARGET = 17.0; MTL_ENABLE_DEBUG_INFO = INCLUDE_SOURCE; MTL_FAST_MATH = YES; ONLY_ACTIVE_ARCH = YES; SDKROOT = iphoneos; SWIFT_ACTIVE_COMPILATION_CONDITIONS = DEBUG; SWIFT_OPTIMIZATION_LEVEL = "-Onone"; SWIFT_VERSION = 5.9; }; name = Debug; };
		PROJECT_RELEASE /* Release */ = {isa = XCBuildConfiguration; buildSettings = {ALWAYS_SEARCH_USER_PATHS = NO; CLANG_ANALYZER_NONNULL = YES; CLANG_CXX_LANGUAGE_DIALECT = "c++20"; CLANG_ENABLE_OBJC_ARC = YES; CLANG_WARN_BOOL_CONVERSION = YES; CLANG_WARN_CONSTANT_CONVERSION = YES; CLANG_WARN_DEPRECATED_OBJC_IMPLEMENTATIONS = YES; CLANG_WARN_EMPTY_BODY = YES; CLANG_WARN_ENUM_CONVERSION = YES; CLANG_WARN_INT_CONVERSION = YES; CLANG_WARN_SUSPICIOUS_MOVE = YES; CODE_SIGN_IDENTITY = "iPhone Developer"; COPY_PHASE_STRIP = NO; DEBUG_INFORMATION_FORMAT = "dwarf-with-dsym"; ENABLE_NS_ASSERTIONS = NO; ENABLE_STRICT_OBJC_MSGSEND = YES; GCC_C_LANGUAGE_DIALECT = gnu17; GCC_OPTIMIZATION_LEVEL = s; GCC_WARN_64_TO_32_BIT_CONVERSION = YES; GCC_WARN_ABOUT_RETURN_TYPE = YES_ERROR; GCC_WARN_UNDECLARED_SELECTOR = YES; GCC_WARN_UNINITIALIZED_AUTOS = YES_AGGRESSIVE; GCC_WARN_UNUSED_FUNCTION = YES; GCC_WARN_UNUSED_VARIABLE = YES; IPHONEOS_DEPLOYMENT_TARGET = 17.0; MTL_ENABLE_DEBUG_INFO = NO; MTL_FAST_MATH = YES; SDKROOT = iphoneos; SWIFT_COMPILATION_MODE = wholemodule; SWIFT_OPTIMIZATION_LEVEL = "-O"; SWIFT_VERSION = 5.9; VALIDATE_PRODUCT = YES; }; name = Release; };
/* End XCBuildConfiguration section */

/* Begin XCConfigurationList section */
		APP_CONFIG /* Build configuration list for PBXNativeTarget "VitalBrief" */ = {isa = XCConfigurationList; buildConfigurations = (APP_DEBUG, APP_RELEASE); defaultConfigurationIsVisible = 0; defaultConfigurationName = Release; };
		TESTS_CONFIG /* Build configuration list for PBXNativeTarget "VitalBriefTests" */ = {isa = XCConfigurationList; buildConfigurations = (TESTS_DEBUG, TESTS_RELEASE); defaultConfigurationIsVisible = 0; defaultConfigurationName = Release; };
		PROJECT_CONFIG /* Build configuration list for PBXProject "VitalBrief" */ = {isa = XCConfigurationList; buildConfigurations = (PROJECT_DEBUG, PROJECT_RELEASE); defaultConfigurationIsVisible = 0; defaultConfigurationName = Release; };
/* End XCConfigurationList section */
	};
	rootObject = PROJECT /* Project object */;
}
